// !$*UTF8*$!
{
	archiveVersion = 1;
	classes = {
	};
	objectVersion = 48;
	objects = {

/* Begin PBXBuildFile section */
		9C08E88F1F58050300F9F8F1 /* CXUserModel.swift in Sources */ = {isa = PBXBuildFile; fileRef = 9C08E88E1F58050300F9F8F1 /* CXUserModel.swift */; };
		9C08E8921F59383700F9F8F1 /* Stars.storyboard in Resources */ = {isa = PBXBuildFile; fileRef = 9C08E8911F59383700F9F8F1 /* Stars.storyboard */; };
		9C08E8941F59385400F9F8F1 /* Repositories.storyboard in Resources */ = {isa = PBXBuildFile; fileRef = 9C08E8931F59385400F9F8F1 /* Repositories.storyboard */; };
		9C08E8961F59386E00F9F8F1 /* Discovery.storyboard in Resources */ = {isa = PBXBuildFile; fileRef = 9C08E8951F59386E00F9F8F1 /* Discovery.storyboard */; };
		9C08E8981F59387F00F9F8F1 /* More.storyboard in Resources */ = {isa = PBXBuildFile; fileRef = 9C08E8971F59387F00F9F8F1 /* More.storyboard */; };
		9C08E89B1F59397900F9F8F1 /* CXAboutMeViewController.swift in Sources */ = {isa = PBXBuildFile; fileRef = 9C08E8991F59397900F9F8F1 /* CXAboutMeViewController.swift */; };
		9C08E89C1F59397900F9F8F1 /* CXAboutMeViewController.xib in Resources */ = {isa = PBXBuildFile; fileRef = 9C08E89A1F59397900F9F8F1 /* CXAboutMeViewController.xib */; };
		9C0C1C001F49207500466385 /* CXProfileLoginTableViewCell.swift in Sources */ = {isa = PBXBuildFile; fileRef = 9C0C1BFF1F49207500466385 /* CXProfileLoginTableViewCell.swift */; };
		9C0C1C021F492C3900466385 /* CXMoreOtherTableViewCell.swift in Sources */ = {isa = PBXBuildFile; fileRef = 9C0C1C011F492C3900466385 /* CXMoreOtherTableViewCell.swift */; };
		9C0C1C041F492EFD00466385 /* CXDiscoveryTableViewController.swift in Sources */ = {isa = PBXBuildFile; fileRef = 9C0C1C031F492EFD00466385 /* CXDiscoveryTableViewController.swift */; };
		9C199CD7214166C20088E9EE /* Actor.swift in Sources */ = {isa = PBXBuildFile; fileRef = 9C199CD0214166C10088E9EE /* Actor.swift */; };
		9C199CD8214166C20088E9EE /* Author.swift in Sources */ = {isa = PBXBuildFile; fileRef = 9C199CD1214166C10088E9EE /* Author.swift */; };
		9C199CD9214166C20088E9EE /* UserEvent.swift in Sources */ = {isa = PBXBuildFile; fileRef = 9C199CD2214166C10088E9EE /* UserEvent.swift */; };
		9C199CDA214166C20088E9EE /* Commit.swift in Sources */ = {isa = PBXBuildFile; fileRef = 9C199CD3214166C20088E9EE /* Commit.swift */; };
		9C199CDC214166C20088E9EE /* Repo.swift in Sources */ = {isa = PBXBuildFile; fileRef = 9C199CD5214166C20088E9EE /* Repo.swift */; };
		9C199CDD214166C20088E9EE /* Payload.swift in Sources */ = {isa = PBXBuildFile; fileRef = 9C199CD6214166C20088E9EE /* Payload.swift */; };
		9C199CDF21416F090088E9EE /* Issue.swift in Sources */ = {isa = PBXBuildFile; fileRef = 9C199CDE21416F090088E9EE /* Issue.swift */; };
		9C199CE121416F2B0088E9EE /* User.swift in Sources */ = {isa = PBXBuildFile; fileRef = 9C199CE021416F2B0088E9EE /* User.swift */; };
		9C199CE721425B640088E9EE /* TimeAgo.swift in Sources */ = {isa = PBXBuildFile; fileRef = 9C199CE621425B640088E9EE /* TimeAgo.swift */; };
		9C199CE9214607B80088E9EE /* License.swift in Sources */ = {isa = PBXBuildFile; fileRef = 9C199CE8214607B80088E9EE /* License.swift */; };
		9C199CEB214607E80088E9EE /* Forkee.swift in Sources */ = {isa = PBXBuildFile; fileRef = 9C199CEA214607E80088E9EE /* Forkee.swift */; };
		9C199CED214639DB0088E9EE /* EventAction.swift in Sources */ = {isa = PBXBuildFile; fileRef = 9C199CEC214639DB0088E9EE /* EventAction.swift */; };
		9C199CEF214639E70088E9EE /* EventMessage.swift in Sources */ = {isa = PBXBuildFile; fileRef = 9C199CEE214639E70088E9EE /* EventMessage.swift */; };
		9C199CF1214669CC0088E9EE /* EvetAvatar.swift in Sources */ = {isa = PBXBuildFile; fileRef = 9C199CF0214669CC0088E9EE /* EvetAvatar.swift */; };
		9C199CF321466D350088E9EE /* Comment.swift in Sources */ = {isa = PBXBuildFile; fileRef = 9C199CF221466D350088E9EE /* Comment.swift */; };
		9C199CF5214673B20088E9EE /* PullRequest.swift in Sources */ = {isa = PBXBuildFile; fileRef = 9C199CF4214673B20088E9EE /* PullRequest.swift */; };
		9C199CF721474CBF0088E9EE /* CXOrganizationListController.swift in Sources */ = {isa = PBXBuildFile; fileRef = 9C199CF621474CBF0088E9EE /* CXOrganizationListController.swift */; };
		9C199CF92147521A0088E9EE /* Org.swift in Sources */ = {isa = PBXBuildFile; fileRef = 9C199CF82147521A0088E9EE /* Org.swift */; };
		9C199CFB214754D60088E9EE /* OrgInfoTableViewController.swift in Sources */ = {isa = PBXBuildFile; fileRef = 9C199CFA214754D60088E9EE /* OrgInfoTableViewController.swift */; };
		9C199CFD214759050088E9EE /* CXMemberListController.swift in Sources */ = {isa = PBXBuildFile; fileRef = 9C199CFC214759050088E9EE /* CXMemberListController.swift */; };
		9C199CFF21475E7D0088E9EE /* CXRepositoriesListController.swift in Sources */ = {isa = PBXBuildFile; fileRef = 9C199CFE21475E7D0088E9EE /* CXRepositoriesListController.swift */; };
		9C199D0221475F850088E9EE /* CXReposotoryListCell.swift in Sources */ = {isa = PBXBuildFile; fileRef = 9C199D0021475F850088E9EE /* CXReposotoryListCell.swift */; };
		9C199D0321475F850088E9EE /* CXReposotoryListCell.xib in Resources */ = {isa = PBXBuildFile; fileRef = 9C199D0121475F850088E9EE /* CXReposotoryListCell.xib */; };
		9C199D052147696B0088E9EE /* CXRepoEventsListController.swift in Sources */ = {isa = PBXBuildFile; fileRef = 9C199D042147696B0088E9EE /* CXRepoEventsListController.swift */; };
		9C199D0721476D060088E9EE /* CXIssueListController.swift in Sources */ = {isa = PBXBuildFile; fileRef = 9C199D0621476D060088E9EE /* CXIssueListController.swift */; };
		9C199D0C214775560088E9EE /* CXIssueListCell.swift in Sources */ = {isa = PBXBuildFile; fileRef = 9C199D0A214775560088E9EE /* CXIssueListCell.swift */; };
		9C199D0D214775560088E9EE /* CXIssueListCell.xib in Resources */ = {isa = PBXBuildFile; fileRef = 9C199D0B214775560088E9EE /* CXIssueListCell.xib */; };
		9C199D0F2147A33C0088E9EE /* CXReadmeController.swift in Sources */ = {isa = PBXBuildFile; fileRef = 9C199D0E2147A33C0088E9EE /* CXReadmeController.swift */; };
		9C3D39191F48059900920923 /* CXMoreViewController.swift in Sources */ = {isa = PBXBuildFile; fileRef = 9C3D39181F48059900920923 /* CXMoreViewController.swift */; };
		9C3D391B1F48069A00920923 /* CXLoginViewController.swift in Sources */ = {isa = PBXBuildFile; fileRef = 9C3D391A1F48069A00920923 /* CXLoginViewController.swift */; };
		9C3D391D1F48085F00920923 /* CXYourStarsViewController.swift in Sources */ = {isa = PBXBuildFile; fileRef = 9C3D391C1F48085F00920923 /* CXYourStarsViewController.swift */; };
		9C6073E91F5E2F8B00D4C263 /* TabBarView.swift in Sources */ = {isa = PBXBuildFile; fileRef = 9C6073E81F5E2F8B00D4C263 /* TabBarView.swift */; };
		9C64DC3C1F579E58005D6FB9 /* StarredModel.swift in Sources */ = {isa = PBXBuildFile; fileRef = 9C64DC3B1F579E58005D6FB9 /* StarredModel.swift */; };
		9C64DC3E1F579F19005D6FB9 /* Owner.swift in Sources */ = {isa = PBXBuildFile; fileRef = 9C64DC3D1F579F19005D6FB9 /* Owner.swift */; };
		9C64DC411F57E71F005D6FB9 /* CXStarTableViewCell.swift in Sources */ = {isa = PBXBuildFile; fileRef = 9C64DC401F57E71F005D6FB9 /* CXStarTableViewCell.swift */; };
		9C64DC441F57F948005D6FB9 /* CXRepositoriesTableViewController.swift in Sources */ = {isa = PBXBuildFile; fileRef = 9C64DC431F57F948005D6FB9 /* CXRepositoriesTableViewController.swift */; };
		9C7661F4213CE29E00F4A8D3 /* CXUserInfoCell.swift in Sources */ = {isa = PBXBuildFile; fileRef = 9C7661F2213CE29E00F4A8D3 /* CXUserInfoCell.swift */; };
		9C7661F5213CE29E00F4A8D3 /* CXUserInfoCell.xib in Resources */ = {isa = PBXBuildFile; fileRef = 9C7661F3213CE29E00F4A8D3 /* CXUserInfoCell.xib */; };
		9C7661F8213CE50F00F4A8D3 /* CXPopularInfoCell.swift in Sources */ = {isa = PBXBuildFile; fileRef = 9C7661F6213CE50F00F4A8D3 /* CXPopularInfoCell.swift */; };
		9C7661F9213CE50F00F4A8D3 /* CXPopularInfoCell.xib in Resources */ = {isa = PBXBuildFile; fileRef = 9C7661F7213CE50F00F4A8D3 /* CXPopularInfoCell.xib */; };
		9C7661FC213CE7B400F4A8D3 /* CXNormalCell.swift in Sources */ = {isa = PBXBuildFile; fileRef = 9C7661FA213CE7B400F4A8D3 /* CXNormalCell.swift */; };
		9C7661FD213CE7B400F4A8D3 /* CXNormalCell.xib in Resources */ = {isa = PBXBuildFile; fileRef = 9C7661FB213CE7B400F4A8D3 /* CXNormalCell.xib */; };
		9C766215213F76FE00F4A8D3 /* Assets.xcassets in Resources */ = {isa = PBXBuildFile; fileRef = 9C766214213F76FD00F4A8D3 /* Assets.xcassets */; };
		9C766218213F7F2200F4A8D3 /* CXUserTopCell.swift in Sources */ = {isa = PBXBuildFile; fileRef = 9C766216213F7F2200F4A8D3 /* CXUserTopCell.swift */; };
		9C766219213F7F2200F4A8D3 /* CXUserTopCell.xib in Resources */ = {isa = PBXBuildFile; fileRef = 9C766217213F7F2200F4A8D3 /* CXUserTopCell.xib */; };
		9C76621B213F8B7B00F4A8D3 /* CXEventsController.swift in Sources */ = {isa = PBXBuildFile; fileRef = 9C76621A213F8B7B00F4A8D3 /* CXEventsController.swift */; };
		9C76621E213F8BCD00F4A8D3 /* CXEventsCell.swift in Sources */ = {isa = PBXBuildFile; fileRef = 9C76621C213F8BCD00F4A8D3 /* CXEventsCell.swift */; };
		9C76621F213F8BCD00F4A8D3 /* CXEventsCell.xib in Resources */ = {isa = PBXBuildFile; fileRef = 9C76621D213F8BCD00F4A8D3 /* CXEventsCell.xib */; };
		9C960F741F5D4E8D00F9A31E /* CXUserViewController.swift in Sources */ = {isa = PBXBuildFile; fileRef = 9C960F721F5D4E8D00F9A31E /* CXUserViewController.swift */; };
		9CA3E48E1F5D4AF6009836A2 /* CXRespositoriesTableViewCell.swift in Sources */ = {isa = PBXBuildFile; fileRef = 9CA3E48D1F5D4AF6009836A2 /* CXRespositoriesTableViewCell.swift */; };
		9CB5EF911F3AE7F700819E9F /* AppDelegate.swift in Sources */ = {isa = PBXBuildFile; fileRef = 9CB5EF901F3AE7F700819E9F /* AppDelegate.swift */; };
		9CB5EF961F3AE7F700819E9F /* Main.storyboard in Resources */ = {isa = PBXBuildFile; fileRef = 9CB5EF941F3AE7F700819E9F /* Main.storyboard */; };
		9CB5EF9B1F3AE7F700819E9F /* LaunchScreen.storyboard in Resources */ = {isa = PBXBuildFile; fileRef = 9CB5EF991F3AE7F700819E9F /* LaunchScreen.storyboard */; };
		9CC057F21F62925700EBA3DA /* Repository.swift in Sources */ = {isa = PBXBuildFile; fileRef = 9CC057F11F62925700EBA3DA /* Repository.swift */; };
		9CF6C0A91F638B350013A4BE /* RepositoryCell.swift in Sources */ = {isa = PBXBuildFile; fileRef = 9CF6C0A71F638B350013A4BE /* RepositoryCell.swift */; };
		9CF6C0AA1F638B350013A4BE /* RepositoryCell.xib in Resources */ = {isa = PBXBuildFile; fileRef = 9CF6C0A81F638B350013A4BE /* RepositoryCell.xib */; };
		9CF6C0AD1F6393E50013A4BE /* FollowCell.swift in Sources */ = {isa = PBXBuildFile; fileRef = 9CF6C0AB1F6393E50013A4BE /* FollowCell.swift */; };
		9CF6C0AE1F6393E50013A4BE /* FollowCell.xib in Resources */ = {isa = PBXBuildFile; fileRef = 9CF6C0AC1F6393E50013A4BE /* FollowCell.xib */; };
		9CF6C0B31F63B44A0013A4BE /* RepositoryDetailViewController.swift in Sources */ = {isa = PBXBuildFile; fileRef = 9CF6C0B11F63B44A0013A4BE /* RepositoryDetailViewController.swift */; };
		9CFBC17C1F3B0699000015F3 /* NetworkRequest.swift in Sources */ = {isa = PBXBuildFile; fileRef = 9CFBC17B1F3B0698000015F3 /* NetworkRequest.swift */; };
		F97EE8095EE4706B0207D72A /* Pods_ManageYourStars.framework in Frameworks */ = {isa = PBXBuildFile; fileRef = 26CDF28B936BF7F936D6EBB0 /* Pods_ManageYourStars.framework */; };
/* End PBXBuildFile section */

/* Begin PBXFileReference section */
		26CDF28B936BF7F936D6EBB0 /* Pods_ManageYourStars.framework */ = {isa = PBXFileReference; explicitFileType = wrapper.framework; includeInIndex = 0; path = Pods_ManageYourStars.framework; sourceTree = BUILT_PRODUCTS_DIR; };
		5F352CFAED2E43B27E16F95C /* Pods-ManageYourStars.debug.xcconfig */ = {isa = PBXFileReference; includeInIndex = 1; lastKnownFileType = text.xcconfig; name = "Pods-ManageYourStars.debug.xcconfig"; path = "Pods/Target Support Files/Pods-ManageYourStars/Pods-ManageYourStars.debug.xcconfig"; sourceTree = "<group>"; };
		9C08E88E1F58050300F9F8F1 /* CXUserModel.swift */ = {isa = PBXFileReference; lastKnownFileType = sourcecode.swift; path = CXUserModel.swift; sourceTree = "<group>"; };
		9C08E8911F59383700F9F8F1 /* Stars.storyboard */ = {isa = PBXFileReference; fileEncoding = 4; lastKnownFileType = file.storyboard; path = Stars.storyboard; sourceTree = "<group>"; };
		9C08E8931F59385400F9F8F1 /* Repositories.storyboard */ = {isa = PBXFileReference; fileEncoding = 4; lastKnownFileType = file.storyboard; path = Repositories.storyboard; sourceTree = "<group>"; };
		9C08E8951F59386E00F9F8F1 /* Discovery.storyboard */ = {isa = PBXFileReference; fileEncoding = 4; lastKnownFileType = file.storyboard; path = Discovery.storyboard; sourceTree = "<group>"; };
		9C08E8971F59387F00F9F8F1 /* More.storyboard */ = {isa = PBXFileReference; fileEncoding = 4; lastKnownFileType = file.storyboard; path = More.storyboard; sourceTree = "<group>"; };
		9C08E8991F59397900F9F8F1 /* CXAboutMeViewController.swift */ = {isa = PBXFileReference; lastKnownFileType = sourcecode.swift; path = CXAboutMeViewController.swift; sourceTree = "<group>"; };
		9C08E89A1F59397900F9F8F1 /* CXAboutMeViewController.xib */ = {isa = PBXFileReference; lastKnownFileType = file.xib; path = CXAboutMeViewController.xib; sourceTree = "<group>"; };
		9C0C1BFF1F49207500466385 /* CXProfileLoginTableViewCell.swift */ = {isa = PBXFileReference; fileEncoding = 4; lastKnownFileType = sourcecode.swift; path = CXProfileLoginTableViewCell.swift; sourceTree = "<group>"; };
		9C0C1C011F492C3900466385 /* CXMoreOtherTableViewCell.swift */ = {isa = PBXFileReference; fileEncoding = 4; lastKnownFileType = sourcecode.swift; path = CXMoreOtherTableViewCell.swift; sourceTree = "<group>"; };
		9C0C1C031F492EFD00466385 /* CXDiscoveryTableViewController.swift */ = {isa = PBXFileReference; fileEncoding = 4; lastKnownFileType = sourcecode.swift; path = CXDiscoveryTableViewController.swift; sourceTree = "<group>"; };
		9C199CD0214166C10088E9EE /* Actor.swift */ = {isa = PBXFileReference; fileEncoding = 4; lastKnownFileType = sourcecode.swift; path = Actor.swift; sourceTree = "<group>"; };
		9C199CD1214166C10088E9EE /* Author.swift */ = {isa = PBXFileReference; fileEncoding = 4; lastKnownFileType = sourcecode.swift; path = Author.swift; sourceTree = "<group>"; };
		9C199CD2214166C10088E9EE /* UserEvent.swift */ = {isa = PBXFileReference; fileEncoding = 4; lastKnownFileType = sourcecode.swift; path = UserEvent.swift; sourceTree = "<group>"; };
		9C199CD3214166C20088E9EE /* Commit.swift */ = {isa = PBXFileReference; fileEncoding = 4; lastKnownFileType = sourcecode.swift; path = Commit.swift; sourceTree = "<group>"; };
		9C199CD5214166C20088E9EE /* Repo.swift */ = {isa = PBXFileReference; fileEncoding = 4; lastKnownFileType = sourcecode.swift; path = Repo.swift; sourceTree = "<group>"; };
		9C199CD6214166C20088E9EE /* Payload.swift */ = {isa = PBXFileReference; fileEncoding = 4; lastKnownFileType = sourcecode.swift; path = Payload.swift; sourceTree = "<group>"; };
		9C199CDE21416F090088E9EE /* Issue.swift */ = {isa = PBXFileReference; lastKnownFileType = sourcecode.swift; path = Issue.swift; sourceTree = "<group>"; };
		9C199CE021416F2B0088E9EE /* User.swift */ = {isa = PBXFileReference; lastKnownFileType = sourcecode.swift; path = User.swift; sourceTree = "<group>"; };
		9C199CE621425B640088E9EE /* TimeAgo.swift */ = {isa = PBXFileReference; lastKnownFileType = sourcecode.swift; path = TimeAgo.swift; sourceTree = "<group>"; };
		9C199CE8214607B80088E9EE /* License.swift */ = {isa = PBXFileReference; lastKnownFileType = sourcecode.swift; path = License.swift; sourceTree = "<group>"; };
		9C199CEA214607E80088E9EE /* Forkee.swift */ = {isa = PBXFileReference; lastKnownFileType = sourcecode.swift; path = Forkee.swift; sourceTree = "<group>"; };
		9C199CEC214639DB0088E9EE /* EventAction.swift */ = {isa = PBXFileReference; lastKnownFileType = sourcecode.swift; path = EventAction.swift; sourceTree = "<group>"; };
		9C199CEE214639E70088E9EE /* EventMessage.swift */ = {isa = PBXFileReference; lastKnownFileType = sourcecode.swift; path = EventMessage.swift; sourceTree = "<group>"; };
		9C199CF0214669CC0088E9EE /* EvetAvatar.swift */ = {isa = PBXFileReference; lastKnownFileType = sourcecode.swift; path = EvetAvatar.swift; sourceTree = "<group>"; };
		9C199CF221466D350088E9EE /* Comment.swift */ = {isa = PBXFileReference; lastKnownFileType = sourcecode.swift; path = Comment.swift; sourceTree = "<group>"; };
		9C199CF4214673B20088E9EE /* PullRequest.swift */ = {isa = PBXFileReference; lastKnownFileType = sourcecode.swift; path = PullRequest.swift; sourceTree = "<group>"; };
		9C199CF621474CBF0088E9EE /* CXOrganizationListController.swift */ = {isa = PBXFileReference; lastKnownFileType = sourcecode.swift; path = CXOrganizationListController.swift; sourceTree = "<group>"; };
		9C199CF82147521A0088E9EE /* Org.swift */ = {isa = PBXFileReference; lastKnownFileType = sourcecode.swift; path = Org.swift; sourceTree = "<group>"; };
		9C199CFA214754D60088E9EE /* OrgInfoTableViewController.swift */ = {isa = PBXFileReference; lastKnownFileType = sourcecode.swift; path = OrgInfoTableViewController.swift; sourceTree = "<group>"; };
		9C199CFC214759050088E9EE /* CXMemberListController.swift */ = {isa = PBXFileReference; lastKnownFileType = sourcecode.swift; path = CXMemberListController.swift; sourceTree = "<group>"; };
		9C199CFE21475E7D0088E9EE /* CXRepositoriesListController.swift */ = {isa = PBXFileReference; lastKnownFileType = sourcecode.swift; path = CXRepositoriesListController.swift; sourceTree = "<group>"; };
		9C199D0021475F850088E9EE /* CXReposotoryListCell.swift */ = {isa = PBXFileReference; lastKnownFileType = sourcecode.swift; path = CXReposotoryListCell.swift; sourceTree = "<group>"; };
		9C199D0121475F850088E9EE /* CXReposotoryListCell.xib */ = {isa = PBXFileReference; lastKnownFileType = file.xib; path = CXReposotoryListCell.xib; sourceTree = "<group>"; };
		9C199D042147696B0088E9EE /* CXRepoEventsListController.swift */ = {isa = PBXFileReference; lastKnownFileType = sourcecode.swift; path = CXRepoEventsListController.swift; sourceTree = "<group>"; };
		9C199D0621476D060088E9EE /* CXIssueListController.swift */ = {isa = PBXFileReference; lastKnownFileType = sourcecode.swift; path = CXIssueListController.swift; sourceTree = "<group>"; };
		9C199D0A214775560088E9EE /* CXIssueListCell.swift */ = {isa = PBXFileReference; lastKnownFileType = sourcecode.swift; path = CXIssueListCell.swift; sourceTree = "<group>"; };
		9C199D0B214775560088E9EE /* CXIssueListCell.xib */ = {isa = PBXFileReference; lastKnownFileType = file.xib; path = CXIssueListCell.xib; sourceTree = "<group>"; };
		9C199D0E2147A33C0088E9EE /* CXReadmeController.swift */ = {isa = PBXFileReference; lastKnownFileType = sourcecode.swift; path = CXReadmeController.swift; sourceTree = "<group>"; };
		9C3D39181F48059900920923 /* CXMoreViewController.swift */ = {isa = PBXFileReference; lastKnownFileType = sourcecode.swift; path = CXMoreViewController.swift; sourceTree = "<group>"; };
		9C3D391A1F48069A00920923 /* CXLoginViewController.swift */ = {isa = PBXFileReference; lastKnownFileType = sourcecode.swift; path = CXLoginViewController.swift; sourceTree = "<group>"; };
		9C3D391C1F48085F00920923 /* CXYourStarsViewController.swift */ = {isa = PBXFileReference; lastKnownFileType = sourcecode.swift; path = CXYourStarsViewController.swift; sourceTree = "<group>"; };
		9C6073E81F5E2F8B00D4C263 /* TabBarView.swift */ = {isa = PBXFileReference; lastKnownFileType = sourcecode.swift; path = TabBarView.swift; sourceTree = "<group>"; };
		9C64DC3B1F579E58005D6FB9 /* StarredModel.swift */ = {isa = PBXFileReference; lastKnownFileType = sourcecode.swift; path = StarredModel.swift; sourceTree = "<group>"; };
		9C64DC3D1F579F19005D6FB9 /* Owner.swift */ = {isa = PBXFileReference; lastKnownFileType = sourcecode.swift; path = Owner.swift; sourceTree = "<group>"; };
		9C64DC401F57E71F005D6FB9 /* CXStarTableViewCell.swift */ = {isa = PBXFileReference; lastKnownFileType = sourcecode.swift; path = CXStarTableViewCell.swift; sourceTree = "<group>"; };
		9C64DC431F57F948005D6FB9 /* CXRepositoriesTableViewController.swift */ = {isa = PBXFileReference; lastKnownFileType = sourcecode.swift; path = CXRepositoriesTableViewController.swift; sourceTree = "<group>"; };
		9C7661F2213CE29E00F4A8D3 /* CXUserInfoCell.swift */ = {isa = PBXFileReference; lastKnownFileType = sourcecode.swift; path = CXUserInfoCell.swift; sourceTree = "<group>"; };
		9C7661F3213CE29E00F4A8D3 /* CXUserInfoCell.xib */ = {isa = PBXFileReference; lastKnownFileType = file.xib; path = CXUserInfoCell.xib; sourceTree = "<group>"; };
		9C7661F6213CE50F00F4A8D3 /* CXPopularInfoCell.swift */ = {isa = PBXFileReference; lastKnownFileType = sourcecode.swift; path = CXPopularInfoCell.swift; sourceTree = "<group>"; };
		9C7661F7213CE50F00F4A8D3 /* CXPopularInfoCell.xib */ = {isa = PBXFileReference; lastKnownFileType = file.xib; path = CXPopularInfoCell.xib; sourceTree = "<group>"; };
		9C7661FA213CE7B400F4A8D3 /* CXNormalCell.swift */ = {isa = PBXFileReference; lastKnownFileType = sourcecode.swift; path = CXNormalCell.swift; sourceTree = "<group>"; };
		9C7661FB213CE7B400F4A8D3 /* CXNormalCell.xib */ = {isa = PBXFileReference; lastKnownFileType = file.xib; path = CXNormalCell.xib; sourceTree = "<group>"; };
		9C766214213F76FD00F4A8D3 /* Assets.xcassets */ = {isa = PBXFileReference; lastKnownFileType = folder.assetcatalog; path = Assets.xcassets; sourceTree = "<group>"; };
		9C766216213F7F2200F4A8D3 /* CXUserTopCell.swift */ = {isa = PBXFileReference; lastKnownFileType = sourcecode.swift; path = CXUserTopCell.swift; sourceTree = "<group>"; };
		9C766217213F7F2200F4A8D3 /* CXUserTopCell.xib */ = {isa = PBXFileReference; lastKnownFileType = file.xib; path = CXUserTopCell.xib; sourceTree = "<group>"; };
		9C76621A213F8B7B00F4A8D3 /* CXEventsController.swift */ = {isa = PBXFileReference; lastKnownFileType = sourcecode.swift; path = CXEventsController.swift; sourceTree = "<group>"; };
		9C76621C213F8BCD00F4A8D3 /* CXEventsCell.swift */ = {isa = PBXFileReference; lastKnownFileType = sourcecode.swift; path = CXEventsCell.swift; sourceTree = "<group>"; };
		9C76621D213F8BCD00F4A8D3 /* CXEventsCell.xib */ = {isa = PBXFileReference; lastKnownFileType = file.xib; path = CXEventsCell.xib; sourceTree = "<group>"; };
		9C960F721F5D4E8D00F9A31E /* CXUserViewController.swift */ = {isa = PBXFileReference; lastKnownFileType = sourcecode.swift; path = CXUserViewController.swift; sourceTree = "<group>"; };
		9CA3E48D1F5D4AF6009836A2 /* CXRespositoriesTableViewCell.swift */ = {isa = PBXFileReference; fileEncoding = 4; lastKnownFileType = sourcecode.swift; path = CXRespositoriesTableViewCell.swift; sourceTree = "<group>"; };
		9CB5EF8D1F3AE7F600819E9F /* ManageYourStars.app */ = {isa = PBXFileReference; explicitFileType = wrapper.application; includeInIndex = 0; path = ManageYourStars.app; sourceTree = BUILT_PRODUCTS_DIR; };
		9CB5EF901F3AE7F700819E9F /* AppDelegate.swift */ = {isa = PBXFileReference; fileEncoding = 4; lastKnownFileType = sourcecode.swift; path = AppDelegate.swift; sourceTree = "<group>"; };
		9CB5EF951F3AE7F700819E9F /* Base */ = {isa = PBXFileReference; lastKnownFileType = file.storyboard; name = Base; path = Base.lproj/Main.storyboard; sourceTree = "<group>"; };
		9CB5EF9A1F3AE7F700819E9F /* Base */ = {isa = PBXFileReference; lastKnownFileType = file.storyboard; name = Base; path = Base.lproj/LaunchScreen.storyboard; sourceTree = "<group>"; };
		9CB5EF9C1F3AE7F700819E9F /* Info.plist */ = {isa = PBXFileReference; lastKnownFileType = text.plist.xml; path = Info.plist; sourceTree = "<group>"; };
		9CC057F11F62925700EBA3DA /* Repository.swift */ = {isa = PBXFileReference; lastKnownFileType = sourcecode.swift; path = Repository.swift; sourceTree = "<group>"; };
		9CF6C0A71F638B350013A4BE /* RepositoryCell.swift */ = {isa = PBXFileReference; lastKnownFileType = sourcecode.swift; path = RepositoryCell.swift; sourceTree = "<group>"; };
		9CF6C0A81F638B350013A4BE /* RepositoryCell.xib */ = {isa = PBXFileReference; lastKnownFileType = file.xib; path = RepositoryCell.xib; sourceTree = "<group>"; };
		9CF6C0AB1F6393E50013A4BE /* FollowCell.swift */ = {isa = PBXFileReference; lastKnownFileType = sourcecode.swift; path = FollowCell.swift; sourceTree = "<group>"; };
		9CF6C0AC1F6393E50013A4BE /* FollowCell.xib */ = {isa = PBXFileReference; lastKnownFileType = file.xib; path = FollowCell.xib; sourceTree = "<group>"; };
		9CF6C0B11F63B44A0013A4BE /* RepositoryDetailViewController.swift */ = {isa = PBXFileReference; lastKnownFileType = sourcecode.swift; path = RepositoryDetailViewController.swift; sourceTree = "<group>"; };
		9CFBC17B1F3B0698000015F3 /* NetworkRequest.swift */ = {isa = PBXFileReference; lastKnownFileType = sourcecode.swift; path = NetworkRequest.swift; sourceTree = "<group>"; };
		9F3A81B4719DA20FAD6561F9 /* Pods-ManageYourStars.release.xcconfig */ = {isa = PBXFileReference; includeInIndex = 1; lastKnownFileType = text.xcconfig; name = "Pods-ManageYourStars.release.xcconfig"; path = "Pods/Target Support Files/Pods-ManageYourStars/Pods-ManageYourStars.release.xcconfig"; sourceTree = "<group>"; };
/* End PBXFileReference section */

/* Begin PBXFrameworksBuildPhase section */
		9CB5EF8A1F3AE7F600819E9F /* Frameworks */ = {
			isa = PBXFrameworksBuildPhase;
			buildActionMask = 2147483647;
			files = (
				F97EE8095EE4706B0207D72A /* Pods_ManageYourStars.framework in Frameworks */,
			);
			runOnlyForDeploymentPostprocessing = 0;
		};
/* End PBXFrameworksBuildPhase section */

/* Begin PBXGroup section */
		095B042CF82714DD25044573 /* Pods */ = {
			isa = PBXGroup;
			children = (
				5F352CFAED2E43B27E16F95C /* Pods-ManageYourStars.debug.xcconfig */,
				9F3A81B4719DA20FAD6561F9 /* Pods-ManageYourStars.release.xcconfig */,
			);
			name = Pods;
			sourceTree = "<group>";
		};
		898505B4AD026C41A091ED6F /* Frameworks */ = {
			isa = PBXGroup;
			children = (
				26CDF28B936BF7F936D6EBB0 /* Pods_ManageYourStars.framework */,
			);
			name = Frameworks;
			sourceTree = "<group>";
		};
		9C199D08214772D00088E9EE /* Controllers */ = {
			isa = PBXGroup;
			children = (
				9C08E8911F59383700F9F8F1 /* Stars.storyboard */,
				9C3D391C1F48085F00920923 /* CXYourStarsViewController.swift */,
				9C960F721F5D4E8D00F9A31E /* CXUserViewController.swift */,
				9CF6C0B11F63B44A0013A4BE /* RepositoryDetailViewController.swift */,
				9C76621A213F8B7B00F4A8D3 /* CXEventsController.swift */,
				9C199CF621474CBF0088E9EE /* CXOrganizationListController.swift */,
				9C199CFA214754D60088E9EE /* OrgInfoTableViewController.swift */,
				9C199CFC214759050088E9EE /* CXMemberListController.swift */,
				9C199CFE21475E7D0088E9EE /* CXRepositoriesListController.swift */,
				9C199D042147696B0088E9EE /* CXRepoEventsListController.swift */,
				9C199D0621476D060088E9EE /* CXIssueListController.swift */,
				9C199D0E2147A33C0088E9EE /* CXReadmeController.swift */,
			);
			path = Controllers;
			sourceTree = "<group>";
		};
		9C199D09214772F80088E9EE /* General */ = {
			isa = PBXGroup;
			children = (
				9CFBC17B1F3B0698000015F3 /* NetworkRequest.swift */,
				9C199CE621425B640088E9EE /* TimeAgo.swift */,
				9C199CEC214639DB0088E9EE /* EventAction.swift */,
				9C199CEE214639E70088E9EE /* EventMessage.swift */,
				9C199CF0214669CC0088E9EE /* EvetAvatar.swift */,
			);
			path = General;
			sourceTree = "<group>";
		};
		9CB5EF841F3AE7F600819E9F = {
			isa = PBXGroup;
			children = (
				9CB5EF8F1F3AE7F600819E9F /* ManageYourStars */,
				9CB5EF8E1F3AE7F600819E9F /* Products */,
				095B042CF82714DD25044573 /* Pods */,
				898505B4AD026C41A091ED6F /* Frameworks */,
			);
			sourceTree = "<group>";
		};
		9CB5EF8E1F3AE7F600819E9F /* Products */ = {
			isa = PBXGroup;
			children = (
				9CB5EF8D1F3AE7F600819E9F /* ManageYourStars.app */,
			);
			name = Products;
			sourceTree = "<group>";
		};
		9CB5EF8F1F3AE7F600819E9F /* ManageYourStars */ = {
			isa = PBXGroup;
			children = (
				9CCDA4101F594777006A15D4 /* StarsVC */,
				9CCDA4111F594792006A15D4 /* RepositoriesVC */,
				9CCDA4121F5947A3006A15D4 /* DiscoveryVC */,
				9CCDA40F1F594757006A15D4 /* MoreVC */,
				9CB5EF901F3AE7F700819E9F /* AppDelegate.swift */,
				9C199D09214772F80088E9EE /* General */,
				9C766214213F76FD00F4A8D3 /* Assets.xcassets */,
				9CB5EF941F3AE7F700819E9F /* Main.storyboard */,
				9CB5EF991F3AE7F700819E9F /* LaunchScreen.storyboard */,
				9CB5EF9C1F3AE7F700819E9F /* Info.plist */,
			);
			path = ManageYourStars;
			sourceTree = "<group>";
		};
		9CCDA40F1F594757006A15D4 /* MoreVC */ = {
			isa = PBXGroup;
			children = (
				9C08E8971F59387F00F9F8F1 /* More.storyboard */,
				9C3D39181F48059900920923 /* CXMoreViewController.swift */,
				9C08E8991F59397900F9F8F1 /* CXAboutMeViewController.swift */,
				9C08E89A1F59397900F9F8F1 /* CXAboutMeViewController.xib */,
				9C08E88E1F58050300F9F8F1 /* CXUserModel.swift */,
				9C3D391A1F48069A00920923 /* CXLoginViewController.swift */,
				9C0C1BFF1F49207500466385 /* CXProfileLoginTableViewCell.swift */,
				9C0C1C011F492C3900466385 /* CXMoreOtherTableViewCell.swift */,
			);
			path = MoreVC;
			sourceTree = "<group>";
		};
		9CCDA4101F594777006A15D4 /* StarsVC */ = {
			isa = PBXGroup;
			children = (
				9C199D08214772D00088E9EE /* Controllers */,
				9CF6C0AF1F63B3D60013A4BE /* Views */,
				9CF6C0B01F63B3E30013A4BE /* Models */,
			);
			path = StarsVC;
			sourceTree = "<group>";
		};
		9CCDA4111F594792006A15D4 /* RepositoriesVC */ = {
			isa = PBXGroup;
			children = (
				9C08E8931F59385400F9F8F1 /* Repositories.storyboard */,
				9CC057F11F62925700EBA3DA /* Repository.swift */,
				9C64DC431F57F948005D6FB9 /* CXRepositoriesTableViewController.swift */,
				9CA3E48D1F5D4AF6009836A2 /* CXRespositoriesTableViewCell.swift */,
			);
			path = RepositoriesVC;
			sourceTree = "<group>";
		};
		9CCDA4121F5947A3006A15D4 /* DiscoveryVC */ = {
			isa = PBXGroup;
			children = (
				9C08E8951F59386E00F9F8F1 /* Discovery.storyboard */,
				9C0C1C031F492EFD00466385 /* CXDiscoveryTableViewController.swift */,
			);
			path = DiscoveryVC;
			sourceTree = "<group>";
		};
		9CF6C0AF1F63B3D60013A4BE /* Views */ = {
			isa = PBXGroup;
			children = (
				9C64DC401F57E71F005D6FB9 /* CXStarTableViewCell.swift */,
				9CF6C0A71F638B350013A4BE /* RepositoryCell.swift */,
				9CF6C0A81F638B350013A4BE /* RepositoryCell.xib */,
				9CF6C0AB1F6393E50013A4BE /* FollowCell.swift */,
				9CF6C0AC1F6393E50013A4BE /* FollowCell.xib */,
				9C6073E81F5E2F8B00D4C263 /* TabBarView.swift */,
				9C7661F2213CE29E00F4A8D3 /* CXUserInfoCell.swift */,
				9C7661F3213CE29E00F4A8D3 /* CXUserInfoCell.xib */,
				9C7661F6213CE50F00F4A8D3 /* CXPopularInfoCell.swift */,
				9C7661F7213CE50F00F4A8D3 /* CXPopularInfoCell.xib */,
				9C7661FA213CE7B400F4A8D3 /* CXNormalCell.swift */,
				9C7661FB213CE7B400F4A8D3 /* CXNormalCell.xib */,
				9C766216213F7F2200F4A8D3 /* CXUserTopCell.swift */,
				9C766217213F7F2200F4A8D3 /* CXUserTopCell.xib */,
				9C76621C213F8BCD00F4A8D3 /* CXEventsCell.swift */,
				9C76621D213F8BCD00F4A8D3 /* CXEventsCell.xib */,
				9C199D0021475F850088E9EE /* CXReposotoryListCell.swift */,
				9C199D0121475F850088E9EE /* CXReposotoryListCell.xib */,
				9C199D0A214775560088E9EE /* CXIssueListCell.swift */,
				9C199D0B214775560088E9EE /* CXIssueListCell.xib */,
			);
			path = Views;
			sourceTree = "<group>";
		};
		9CF6C0B01F63B3E30013A4BE /* Models */ = {
			isa = PBXGroup;
			children = (
				9C64DC3B1F579E58005D6FB9 /* StarredModel.swift */,
				9C199CF221466D350088E9EE /* Comment.swift */,
				9C64DC3D1F579F19005D6FB9 /* Owner.swift */,
				9C199CD0214166C10088E9EE /* Actor.swift */,
				9C199CD1214166C10088E9EE /* Author.swift */,
				9C199CD3214166C20088E9EE /* Commit.swift */,
				9C199CD6214166C20088E9EE /* Payload.swift */,
				9C199CD5214166C20088E9EE /* Repo.swift */,
				9C199CD2214166C10088E9EE /* UserEvent.swift */,
				9C199CDE21416F090088E9EE /* Issue.swift */,
				9C199CE021416F2B0088E9EE /* User.swift */,
				9C199CE8214607B80088E9EE /* License.swift */,
				9C199CEA214607E80088E9EE /* Forkee.swift */,
				9C199CF4214673B20088E9EE /* PullRequest.swift */,
				9C199CF82147521A0088E9EE /* Org.swift */,
			);
			path = Models;
			sourceTree = "<group>";
		};
/* End PBXGroup section */

/* Begin PBXNativeTarget section */
		9CB5EF8C1F3AE7F600819E9F /* ManageYourStars */ = {
			isa = PBXNativeTarget;
			buildConfigurationList = 9CB5EF9F1F3AE7F700819E9F /* Build configuration list for PBXNativeTarget "ManageYourStars" */;
			buildPhases = (
				74400144C64912ABA8B08502 /* [CP] Check Pods Manifest.lock */,
				9CB5EF891F3AE7F600819E9F /* Sources */,
				9CB5EF8A1F3AE7F600819E9F /* Frameworks */,
				9CB5EF8B1F3AE7F600819E9F /* Resources */,
				69F6B1D43256109A3D6DFADA /* [CP] Embed Pods Frameworks */,
			);
			buildRules = (
			);
			dependencies = (
			);
			name = ManageYourStars;
			productName = ManageYourStars;
			productReference = 9CB5EF8D1F3AE7F600819E9F /* ManageYourStars.app */;
			productType = "com.apple.product-type.application";
		};
/* End PBXNativeTarget section */

/* Begin PBXProject section */
		9CB5EF851F3AE7F600819E9F /* Project object */ = {
			isa = PBXProject;
			attributes = {
				CLASSPREFIX = CX;
				LastSwiftUpdateCheck = 0830;
				LastUpgradeCheck = 0930;
				ORGANIZATIONNAME = csp;
				TargetAttributes = {
					9CB5EF8C1F3AE7F600819E9F = {
						CreatedOnToolsVersion = 8.3.3;
						LastSwiftMigration = 0940;
						ProvisioningStyle = Automatic;
					};
				};
			};
			buildConfigurationList = 9CB5EF881F3AE7F600819E9F /* Build configuration list for PBXProject "ManageYourStars" */;
			compatibilityVersion = "Xcode 8.0";
			developmentRegion = English;
			hasScannedForEncodings = 0;
			knownRegions = (
				en,
				Base,
			);
			mainGroup = 9CB5EF841F3AE7F600819E9F;
			productRefGroup = 9CB5EF8E1F3AE7F600819E9F /* Products */;
			projectDirPath = "";
			projectRoot = "";
			targets = (
				9CB5EF8C1F3AE7F600819E9F /* ManageYourStars */,
			);
		};
/* End PBXProject section */

/* Begin PBXResourcesBuildPhase section */
		9CB5EF8B1F3AE7F600819E9F /* Resources */ = {
			isa = PBXResourcesBuildPhase;
			buildActionMask = 2147483647;
			files = (
				9CF6C0AA1F638B350013A4BE /* RepositoryCell.xib in Resources */,
				9C08E8941F59385400F9F8F1 /* Repositories.storyboard in Resources */,
				9C08E8921F59383700F9F8F1 /* Stars.storyboard in Resources */,
				9C766219213F7F2200F4A8D3 /* CXUserTopCell.xib in Resources */,
				9C08E8981F59387F00F9F8F1 /* More.storyboard in Resources */,
				9C08E89C1F59397900F9F8F1 /* CXAboutMeViewController.xib in Resources */,
				9C199D0321475F850088E9EE /* CXReposotoryListCell.xib in Resources */,
				9CB5EF9B1F3AE7F700819E9F /* LaunchScreen.storyboard in Resources */,
				9C766215213F76FE00F4A8D3 /* Assets.xcassets in Resources */,
				9CF6C0AE1F6393E50013A4BE /* FollowCell.xib in Resources */,
				9C76621F213F8BCD00F4A8D3 /* CXEventsCell.xib in Resources */,
				9C7661F9213CE50F00F4A8D3 /* CXPopularInfoCell.xib in Resources */,
				9C199D0D214775560088E9EE /* CXIssueListCell.xib in Resources */,
				9C7661FD213CE7B400F4A8D3 /* CXNormalCell.xib in Resources */,
				9C7661F5213CE29E00F4A8D3 /* CXUserInfoCell.xib in Resources */,
				9CB5EF961F3AE7F700819E9F /* Main.storyboard in Resources */,
				9C08E8961F59386E00F9F8F1 /* Discovery.storyboard in Resources */,
			);
			runOnlyForDeploymentPostprocessing = 0;
		};
/* End PBXResourcesBuildPhase section */

/* Begin PBXShellScriptBuildPhase section */
		69F6B1D43256109A3D6DFADA /* [CP] Embed Pods Frameworks */ = {
			isa = PBXShellScriptBuildPhase;
			buildActionMask = 2147483647;
			files = (
			);
			inputPaths = (
				"${SRCROOT}/Pods/Target Support Files/Pods-ManageYourStars/Pods-ManageYourStars-frameworks.sh",
				"${BUILT_PRODUCTS_DIR}/Alamofire/Alamofire.framework",
				"${BUILT_PRODUCTS_DIR}/HandyJSON/HandyJSON.framework",
				"${BUILT_PRODUCTS_DIR}/Hero/Hero.framework",
				"${BUILT_PRODUCTS_DIR}/ImageViewer/ImageViewer.framework",
				"${BUILT_PRODUCTS_DIR}/Kingfisher/Kingfisher.framework",
				"${BUILT_PRODUCTS_DIR}/MJRefresh/MJRefresh.framework",
				"${BUILT_PRODUCTS_DIR}/Onboard/Onboard.framework",
				"${BUILT_PRODUCTS_DIR}/RAMAnimatedTabBarController/RAMAnimatedTabBarController.framework",
				"${BUILT_PRODUCTS_DIR}/Realm/Realm.framework",
				"${BUILT_PRODUCTS_DIR}/Reusable/Reusable.framework",
				"${BUILT_PRODUCTS_DIR}/SABlurImageView/SABlurImageView.framework",
				"${BUILT_PRODUCTS_DIR}/SVProgressHUD/SVProgressHUD.framework",
				"${BUILT_PRODUCTS_DIR}/SnapKit/SnapKit.framework",
				"${BUILT_PRODUCTS_DIR}/SwiftDate/SwiftDate.framework",
				"${BUILT_PRODUCTS_DIR}/SwiftyJSON/SwiftyJSON.framework",
				"${BUILT_PRODUCTS_DIR}/SwiftyUserDefaults/SwiftyUserDefaults.framework",
			);
			name = "[CP] Embed Pods Frameworks";
			outputPaths = (
				"${TARGET_BUILD_DIR}/${FRAMEWORKS_FOLDER_PATH}/Alamofire.framework",
				"${TARGET_BUILD_DIR}/${FRAMEWORKS_FOLDER_PATH}/HandyJSON.framework",
				"${TARGET_BUILD_DIR}/${FRAMEWORKS_FOLDER_PATH}/Hero.framework",
				"${TARGET_BUILD_DIR}/${FRAMEWORKS_FOLDER_PATH}/ImageViewer.framework",
				"${TARGET_BUILD_DIR}/${FRAMEWORKS_FOLDER_PATH}/Kingfisher.framework",
				"${TARGET_BUILD_DIR}/${FRAMEWORKS_FOLDER_PATH}/MJRefresh.framework",
				"${TARGET_BUILD_DIR}/${FRAMEWORKS_FOLDER_PATH}/Onboard.framework",
				"${TARGET_BUILD_DIR}/${FRAMEWORKS_FOLDER_PATH}/RAMAnimatedTabBarController.framework",
				"${TARGET_BUILD_DIR}/${FRAMEWORKS_FOLDER_PATH}/Realm.framework",
				"${TARGET_BUILD_DIR}/${FRAMEWORKS_FOLDER_PATH}/Reusable.framework",
				"${TARGET_BUILD_DIR}/${FRAMEWORKS_FOLDER_PATH}/SABlurImageView.framework",
				"${TARGET_BUILD_DIR}/${FRAMEWORKS_FOLDER_PATH}/SVProgressHUD.framework",
				"${TARGET_BUILD_DIR}/${FRAMEWORKS_FOLDER_PATH}/SnapKit.framework",
				"${TARGET_BUILD_DIR}/${FRAMEWORKS_FOLDER_PATH}/SwiftDate.framework",
				"${TARGET_BUILD_DIR}/${FRAMEWORKS_FOLDER_PATH}/SwiftyJSON.framework",
				"${TARGET_BUILD_DIR}/${FRAMEWORKS_FOLDER_PATH}/SwiftyUserDefaults.framework",
			);
			runOnlyForDeploymentPostprocessing = 0;
			shellPath = /bin/sh;
			shellScript = "\"${SRCROOT}/Pods/Target Support Files/Pods-ManageYourStars/Pods-ManageYourStars-frameworks.sh\"\n";
			showEnvVarsInLog = 0;
		};
		74400144C64912ABA8B08502 /* [CP] Check Pods Manifest.lock */ = {
			isa = PBXShellScriptBuildPhase;
			buildActionMask = 2147483647;
			files = (
			);
			inputPaths = (
				"${PODS_PODFILE_DIR_PATH}/Podfile.lock",
				"${PODS_ROOT}/Manifest.lock",
			);
			name = "[CP] Check Pods Manifest.lock";
			outputPaths = (
				"$(DERIVED_FILE_DIR)/Pods-ManageYourStars-checkManifestLockResult.txt",
			);
			runOnlyForDeploymentPostprocessing = 0;
			shellPath = /bin/sh;
			shellScript = "diff \"${PODS_PODFILE_DIR_PATH}/Podfile.lock\" \"${PODS_ROOT}/Manifest.lock\" > /dev/null\nif [ $? != 0 ] ; then\n    # print error to STDERR\n    echo \"error: The sandbox is not in sync with the Podfile.lock. Run 'pod install' or update your CocoaPods installation.\" >&2\n    exit 1\nfi\n# This output is used by Xcode 'outputs' to avoid re-running this script phase.\necho \"SUCCESS\" > \"${SCRIPT_OUTPUT_FILE_0}\"\n";
			showEnvVarsInLog = 0;
		};
/* End PBXShellScriptBuildPhase section */

/* Begin PBXSourcesBuildPhase section */
		9CB5EF891F3AE7F600819E9F /* Sources */ = {
			isa = PBXSourcesBuildPhase;
			buildActionMask = 2147483647;
			files = (
				9C199CDC214166C20088E9EE /* Repo.swift in Sources */,
				9C766218213F7F2200F4A8D3 /* CXUserTopCell.swift in Sources */,
				9C199CE721425B640088E9EE /* TimeAgo.swift in Sources */,
				9C3D391D1F48085F00920923 /* CXYourStarsViewController.swift in Sources */,
				9C199CEF214639E70088E9EE /* EventMessage.swift in Sources */,
				9C199CF5214673B20088E9EE /* PullRequest.swift in Sources */,
				9C64DC3C1F579E58005D6FB9 /* StarredModel.swift in Sources */,
				9C199CD7214166C20088E9EE /* Actor.swift in Sources */,
				9C7661FC213CE7B400F4A8D3 /* CXNormalCell.swift in Sources */,
				9C0C1C041F492EFD00466385 /* CXDiscoveryTableViewController.swift in Sources */,
				9C199CFB214754D60088E9EE /* OrgInfoTableViewController.swift in Sources */,
				9C64DC441F57F948005D6FB9 /* CXRepositoriesTableViewController.swift in Sources */,
				9C199CD8214166C20088E9EE /* Author.swift in Sources */,
				9C199D0F2147A33C0088E9EE /* CXReadmeController.swift in Sources */,
				9C7661F4213CE29E00F4A8D3 /* CXUserInfoCell.swift in Sources */,
				9C08E88F1F58050300F9F8F1 /* CXUserModel.swift in Sources */,
				9C64DC411F57E71F005D6FB9 /* CXStarTableViewCell.swift in Sources */,
				9C199CFF21475E7D0088E9EE /* CXRepositoriesListController.swift in Sources */,
				9C199CE9214607B80088E9EE /* License.swift in Sources */,
				9C199CD9214166C20088E9EE /* UserEvent.swift in Sources */,
				9C199CE121416F2B0088E9EE /* User.swift in Sources */,
				9C199D0221475F850088E9EE /* CXReposotoryListCell.swift in Sources */,
				9C3D391B1F48069A00920923 /* CXLoginViewController.swift in Sources */,
				9C08E89B1F59397900F9F8F1 /* CXAboutMeViewController.swift in Sources */,
				9C199D0721476D060088E9EE /* CXIssueListController.swift in Sources */,
				9C0C1C001F49207500466385 /* CXProfileLoginTableViewCell.swift in Sources */,
				9C199CEB214607E80088E9EE /* Forkee.swift in Sources */,
				9C199CDA214166C20088E9EE /* Commit.swift in Sources */,
				9C199CF92147521A0088E9EE /* Org.swift in Sources */,
				9CF6C0AD1F6393E50013A4BE /* FollowCell.swift in Sources */,
				9C6073E91F5E2F8B00D4C263 /* TabBarView.swift in Sources */,
				9C199CDF21416F090088E9EE /* Issue.swift in Sources */,
				9C199CFD214759050088E9EE /* CXMemberListController.swift in Sources */,
				9C199CED214639DB0088E9EE /* EventAction.swift in Sources */,
				9C199D052147696B0088E9EE /* CXRepoEventsListController.swift in Sources */,
				9C199CF1214669CC0088E9EE /* EvetAvatar.swift in Sources */,
				9C7661F8213CE50F00F4A8D3 /* CXPopularInfoCell.swift in Sources */,
				9CC057F21F62925700EBA3DA /* Repository.swift in Sources */,
				9CF6C0B31F63B44A0013A4BE /* RepositoryDetailViewController.swift in Sources */,
				9C76621B213F8B7B00F4A8D3 /* CXEventsController.swift in Sources */,
				9C199CF321466D350088E9EE /* Comment.swift in Sources */,
				9C199D0C214775560088E9EE /* CXIssueListCell.swift in Sources */,
				9C0C1C021F492C3900466385 /* CXMoreOtherTableViewCell.swift in Sources */,
				9CFBC17C1F3B0699000015F3 /* NetworkRequest.swift in Sources */,
				9C64DC3E1F579F19005D6FB9 /* Owner.swift in Sources */,
				9CF6C0A91F638B350013A4BE /* RepositoryCell.swift in Sources */,
				9C199CF721474CBF0088E9EE /* CXOrganizationListController.swift in Sources */,
				9C199CDD214166C20088E9EE /* Payload.swift in Sources */,
				9C3D39191F48059900920923 /* CXMoreViewController.swift in Sources */,
				9CA3E48E1F5D4AF6009836A2 /* CXRespositoriesTableViewCell.swift in Sources */,
				9C76621E213F8BCD00F4A8D3 /* CXEventsCell.swift in Sources */,
				9C960F741F5D4E8D00F9A31E /* CXUserViewController.swift in Sources */,
				9CB5EF911F3AE7F700819E9F /* AppDelegate.swift in Sources */,
			);
			runOnlyForDeploymentPostprocessing = 0;
		};
/* End PBXSourcesBuildPhase section */

/* Begin PBXVariantGroup section */
		9CB5EF941F3AE7F700819E9F /* Main.storyboard */ = {
			isa = PBXVariantGroup;
			children = (
				9CB5EF951F3AE7F700819E9F /* Base */,
			);
			name = Main.storyboard;
			sourceTree = "<group>";
		};
		9CB5EF991F3AE7F700819E9F /* LaunchScreen.storyboard */ = {
			isa = PBXVariantGroup;
			children = (
				9CB5EF9A1F3AE7F700819E9F /* Base */,
			);
			name = LaunchScreen.storyboard;
			sourceTree = "<group>";
		};
/* End PBXVariantGroup section */

/* Begin XCBuildConfiguration section */
		9CB5EF9D1F3AE7F700819E9F /* Debug */ = {
			isa = XCBuildConfiguration;
			buildSettings = {
				ALWAYS_SEARCH_USER_PATHS = NO;
				CLANG_ANALYZER_NONNULL = YES;
				CLANG_ANALYZER_NUMBER_OBJECT_CONVERSION = YES_AGGRESSIVE;
				CLANG_CXX_LANGUAGE_STANDARD = "gnu++0x";
				CLANG_CXX_LIBRARY = "libc++";
				CLANG_ENABLE_MODULES = YES;
				CLANG_ENABLE_OBJC_ARC = YES;
				CLANG_WARN_BLOCK_CAPTURE_AUTORELEASING = YES;
				CLANG_WARN_BOOL_CONVERSION = YES;
				CLANG_WARN_COMMA = YES;
				CLANG_WARN_CONSTANT_CONVERSION = YES;
				CLANG_WARN_DEPRECATED_OBJC_IMPLEMENTATIONS = YES;
				CLANG_WARN_DIRECT_OBJC_ISA_USAGE = YES_ERROR;
				CLANG_WARN_DOCUMENTATION_COMMENTS = YES;
				CLANG_WARN_EMPTY_BODY = YES;
				CLANG_WARN_ENUM_CONVERSION = YES;
				CLANG_WARN_INFINITE_RECURSION = YES;
				CLANG_WARN_INT_CONVERSION = YES;
				CLANG_WARN_NON_LITERAL_NULL_CONVERSION = YES;
				CLANG_WARN_OBJC_IMPLICIT_RETAIN_SELF = YES;
				CLANG_WARN_OBJC_LITERAL_CONVERSION = YES;
				CLANG_WARN_OBJC_ROOT_CLASS = YES_ERROR;
				CLANG_WARN_RANGE_LOOP_ANALYSIS = YES;
				CLANG_WARN_STRICT_PROTOTYPES = YES;
				CLANG_WARN_SUSPICIOUS_MOVE = YES;
				CLANG_WARN_UNREACHABLE_CODE = YES;
				CLANG_WARN__DUPLICATE_METHOD_MATCH = YES;
				"CODE_SIGN_IDENTITY[sdk=iphoneos*]" = "iPhone Developer";
				COPY_PHASE_STRIP = NO;
				DEBUG_INFORMATION_FORMAT = dwarf;
				ENABLE_STRICT_OBJC_MSGSEND = YES;
				ENABLE_TESTABILITY = YES;
				GCC_C_LANGUAGE_STANDARD = gnu99;
				GCC_DYNAMIC_NO_PIC = NO;
				GCC_NO_COMMON_BLOCKS = YES;
				GCC_OPTIMIZATION_LEVEL = 0;
				GCC_PREPROCESSOR_DEFINITIONS = (
					"DEBUG=1",
					"$(inherited)",
				);
				GCC_WARN_64_TO_32_BIT_CONVERSION = YES;
				GCC_WARN_ABOUT_RETURN_TYPE = YES_ERROR;
				GCC_WARN_UNDECLARED_SELECTOR = YES;
				GCC_WARN_UNINITIALIZED_AUTOS = YES_AGGRESSIVE;
				GCC_WARN_UNUSED_FUNCTION = YES;
				GCC_WARN_UNUSED_VARIABLE = YES;
				IPHONEOS_DEPLOYMENT_TARGET = 11.3;
				MTL_ENABLE_DEBUG_INFO = YES;
				ONLY_ACTIVE_ARCH = YES;
				SDKROOT = iphoneos;
				SWIFT_ACTIVE_COMPILATION_CONDITIONS = DEBUG;
				SWIFT_OPTIMIZATION_LEVEL = "-Onone";
			};
			name = Debug;
		};
		9CB5EF9E1F3AE7F700819E9F /* Release */ = {
			isa = XCBuildConfiguration;
			buildSettings = {
				ALWAYS_SEARCH_USER_PATHS = NO;
				CLANG_ANALYZER_NONNULL = YES;
				CLANG_ANALYZER_NUMBER_OBJECT_CONVERSION = YES_AGGRESSIVE;
				CLANG_CXX_LANGUAGE_STANDARD = "gnu++0x";
				CLANG_CXX_LIBRARY = "libc++";
				CLANG_ENABLE_MODULES = YES;
				CLANG_ENABLE_OBJC_ARC = YES;
				CLANG_WARN_BLOCK_CAPTURE_AUTORELEASING = YES;
				CLANG_WARN_BOOL_CONVERSION = YES;
				CLANG_WARN_COMMA = YES;
				CLANG_WARN_CONSTANT_CONVERSION = YES;
				CLANG_WARN_DEPRECATED_OBJC_IMPLEMENTATIONS = YES;
				CLANG_WARN_DIRECT_OBJC_ISA_USAGE = YES_ERROR;
				CLANG_WARN_DOCUMENTATION_COMMENTS = YES;
				CLANG_WARN_EMPTY_BODY = YES;
				CLANG_WARN_ENUM_CONVERSION = YES;
				CLANG_WARN_INFINITE_RECURSION = YES;
				CLANG_WARN_INT_CONVERSION = YES;
				CLANG_WARN_NON_LITERAL_NULL_CONVERSION = YES;
				CLANG_WARN_OBJC_IMPLICIT_RETAIN_SELF = YES;
				CLANG_WARN_OBJC_LITERAL_CONVERSION = YES;
				CLANG_WARN_OBJC_ROOT_CLASS = YES_ERROR;
				CLANG_WARN_RANGE_LOOP_ANALYSIS = YES;
				CLANG_WARN_STRICT_PROTOTYPES = YES;
				CLANG_WARN_SUSPICIOUS_MOVE = YES;
				CLANG_WARN_UNREACHABLE_CODE = YES;
				CLANG_WARN__DUPLICATE_METHOD_MATCH = YES;
				"CODE_SIGN_IDENTITY[sdk=iphoneos*]" = "iPhone Developer";
				COPY_PHASE_STRIP = NO;
				DEBUG_INFORMATION_FORMAT = "dwarf-with-dsym";
				ENABLE_NS_ASSERTIONS = NO;
				ENABLE_STRICT_OBJC_MSGSEND = YES;
				GCC_C_LANGUAGE_STANDARD = gnu99;
				GCC_NO_COMMON_BLOCKS = YES;
				GCC_WARN_64_TO_32_BIT_CONVERSION = YES;
				GCC_WARN_ABOUT_RETURN_TYPE = YES_ERROR;
				GCC_WARN_UNDECLARED_SELECTOR = YES;
				GCC_WARN_UNINITIALIZED_AUTOS = YES_AGGRESSIVE;
				GCC_WARN_UNUSED_FUNCTION = YES;
				GCC_WARN_UNUSED_VARIABLE = YES;
				IPHONEOS_DEPLOYMENT_TARGET = 11.3;
				MTL_ENABLE_DEBUG_INFO = NO;
				SDKROOT = iphoneos;
				SWIFT_OPTIMIZATION_LEVEL = "-Owholemodule";
				VALIDATE_PRODUCT = YES;
			};
			name = Release;
		};
		9CB5EFA01F3AE7F700819E9F /* Debug */ = {
			isa = XCBuildConfiguration;
			baseConfigurationReference = 5F352CFAED2E43B27E16F95C /* Pods-ManageYourStars.debug.xcconfig */;
			buildSettings = {
				ASSETCATALOG_COMPILER_APPICON_NAME = AppIcon;
				CLANG_ENABLE_MODULES = YES;
				DEVELOPMENT_TEAM = A823JDM22Y;
				INFOPLIST_FILE = ManageYourStars/Info.plist;
				IPHONEOS_DEPLOYMENT_TARGET = 9.0;
				LD_RUNPATH_SEARCH_PATHS = "$(inherited) @executable_path/Frameworks";
				PRODUCT_BUNDLE_IDENTIFIER = com.csp.GitPocket;
				PRODUCT_NAME = "$(TARGET_NAME)";
				SWIFT_OBJC_BRIDGING_HEADER = "";
				SWIFT_OPTIMIZATION_LEVEL = "-Onone";
				SWIFT_VERSION = 4.0;
			};
			name = Debug;
		};
		9CB5EFA11F3AE7F700819E9F /* Release */ = {
			isa = XCBuildConfiguration;
			baseConfigurationReference = 9F3A81B4719DA20FAD6561F9 /* Pods-ManageYourStars.release.xcconfig */;
			buildSettings = {
				ASSETCATALOG_COMPILER_APPICON_NAME = AppIcon;
				CLANG_ENABLE_MODULES = YES;
				DEVELOPMENT_TEAM = A823JDM22Y;
				INFOPLIST_FILE = ManageYourStars/Info.plist;
				IPHONEOS_DEPLOYMENT_TARGET = 9.0;
				LD_RUNPATH_SEARCH_PATHS = "$(inherited) @executable_path/Frameworks";
				PRODUCT_BUNDLE_IDENTIFIER = com.csp.GitPocket;
				PRODUCT_NAME = "$(TARGET_NAME)";
				SWIFT_OBJC_BRIDGING_HEADER = "";
				SWIFT_VERSION = 4.0;
			};
			name = Release;
		};
/* End XCBuildConfiguration section */

/* Begin XCConfigurationList section */
		9CB5EF881F3AE7F600819E9F /* Build configuration list for PBXProject "ManageYourStars" */ = {
			isa = XCConfigurationList;
			buildConfigurations = (
				9CB5EF9D1F3AE7F700819E9F /* Debug */,
				9CB5EF9E1F3AE7F700819E9F /* Release */,
			);
			defaultConfigurationIsVisible = 0;
			defaultConfigurationName = Release;
		};
		9CB5EF9F1F3AE7F700819E9F /* Build configuration list for PBXNativeTarget "ManageYourStars" */ = {
			isa = XCConfigurationList;
			buildConfigurations = (
				9CB5EFA01F3AE7F700819E9F /* Debug */,
				9CB5EFA11F3AE7F700819E9F /* Release */,
			);
			defaultConfigurationIsVisible = 0;
			defaultConfigurationName = Release;
		};
/* End XCConfigurationList section */
	};
	rootObject = 9CB5EF851F3AE7F600819E9F /* Project object */;
}
