// !$*UTF8*$!
{
	archiveVersion = 1;
	classes = {
	};
	objectVersion = 48;
	objects = {

/* Begin PBXBuildFile section */
		9C0C1C001F49207500466385 /* CXProfileLoginTableViewCell.swift in Sources */ = {isa = PBXBuildFile; fileRef = 9C0C1BFF1F49207500466385 /* CXProfileLoginTableViewCell.swift */; };
		9C0C1C021F492C3900466385 /* CXMoreOtherTableViewCell.swift in Sources */ = {isa = PBXBuildFile; fileRef = 9C0C1C011F492C3900466385 /* CXMoreOtherTableViewCell.swift */; };
		9C0C1C041F492EFD00466385 /* CXDiscoveryTableViewController.swift in Sources */ = {isa = PBXBuildFile; fileRef = 9C0C1C031F492EFD00466385 /* CXDiscoveryTableViewController.swift */; };
		9C3D39191F48059900920923 /* CXMoreViewController.swift in Sources */ = {isa = PBXBuildFile; fileRef = 9C3D39181F48059900920923 /* CXMoreViewController.swift */; };
		9C3D391B1F48069A00920923 /* CXLoginViewController.swift in Sources */ = {isa = PBXBuildFile; fileRef = 9C3D391A1F48069A00920923 /* CXLoginViewController.swift */; };
		9C3D391D1F48085F00920923 /* CXYourStarsViewController.swift in Sources */ = {isa = PBXBuildFile; fileRef = 9C3D391C1F48085F00920923 /* CXYourStarsViewController.swift */; };
		9CB5EF911F3AE7F700819E9F /* AppDelegate.swift in Sources */ = {isa = PBXBuildFile; fileRef = 9CB5EF901F3AE7F700819E9F /* AppDelegate.swift */; };
		9CB5EF931F3AE7F700819E9F /* ViewController.swift in Sources */ = {isa = PBXBuildFile; fileRef = 9CB5EF921F3AE7F700819E9F /* ViewController.swift */; };
		9CB5EF961F3AE7F700819E9F /* Main.storyboard in Resources */ = {isa = PBXBuildFile; fileRef = 9CB5EF941F3AE7F700819E9F /* Main.storyboard */; };
		9CB5EF981F3AE7F700819E9F /* Assets.xcassets in Resources */ = {isa = PBXBuildFile; fileRef = 9CB5EF971F3AE7F700819E9F /* Assets.xcassets */; };
		9CB5EF9B1F3AE7F700819E9F /* LaunchScreen.storyboard in Resources */ = {isa = PBXBuildFile; fileRef = 9CB5EF991F3AE7F700819E9F /* LaunchScreen.storyboard */; };
		9CFBC17C1F3B0699000015F3 /* NetworkRequest.swift in Sources */ = {isa = PBXBuildFile; fileRef = 9CFBC17B1F3B0698000015F3 /* NetworkRequest.swift */; };
		F97EE8095EE4706B0207D72A /* Pods_ManageYourStars.framework in Frameworks */ = {isa = PBXBuildFile; fileRef = 26CDF28B936BF7F936D6EBB0 /* Pods_ManageYourStars.framework */; };
/* End PBXBuildFile section */

/* Begin PBXFileReference section */
		26CDF28B936BF7F936D6EBB0 /* Pods_ManageYourStars.framework */ = {isa = PBXFileReference; explicitFileType = wrapper.framework; includeInIndex = 0; path = Pods_ManageYourStars.framework; sourceTree = BUILT_PRODUCTS_DIR; };
		5F352CFAED2E43B27E16F95C /* Pods-ManageYourStars.debug.xcconfig */ = {isa = PBXFileReference; includeInIndex = 1; lastKnownFileType = text.xcconfig; name = "Pods-ManageYourStars.debug.xcconfig"; path = "Pods/Target Support Files/Pods-ManageYourStars/Pods-ManageYourStars.debug.xcconfig"; sourceTree = "<group>"; };
		9C0C1BFF1F49207500466385 /* CXProfileLoginTableViewCell.swift */ = {isa = PBXFileReference; fileEncoding = 4; lastKnownFileType = sourcecode.swift; path = CXProfileLoginTableViewCell.swift; sourceTree = "<group>"; };
		9C0C1C011F492C3900466385 /* CXMoreOtherTableViewCell.swift */ = {isa = PBXFileReference; fileEncoding = 4; lastKnownFileType = sourcecode.swift; path = CXMoreOtherTableViewCell.swift; sourceTree = "<group>"; };
		9C0C1C031F492EFD00466385 /* CXDiscoveryTableViewController.swift */ = {isa = PBXFileReference; fileEncoding = 4; lastKnownFileType = sourcecode.swift; path = CXDiscoveryTableViewController.swift; sourceTree = "<group>"; };
		9C3D39181F48059900920923 /* CXMoreViewController.swift */ = {isa = PBXFileReference; lastKnownFileType = sourcecode.swift; path = CXMoreViewController.swift; sourceTree = "<group>"; };
		9C3D391A1F48069A00920923 /* CXLoginViewController.swift */ = {isa = PBXFileReference; lastKnownFileType = sourcecode.swift; path = CXLoginViewController.swift; sourceTree = "<group>"; };
		9C3D391C1F48085F00920923 /* CXYourStarsViewController.swift */ = {isa = PBXFileReference; lastKnownFileType = sourcecode.swift; path = CXYourStarsViewController.swift; sourceTree = "<group>"; };
		9CB5EF8D1F3AE7F600819E9F /* ManageYourStars.app */ = {isa = PBXFileReference; explicitFileType = wrapper.application; includeInIndex = 0; path = ManageYourStars.app; sourceTree = BUILT_PRODUCTS_DIR; };
		9CB5EF901F3AE7F700819E9F /* AppDelegate.swift */ = {isa = PBXFileReference; lastKnownFileType = sourcecode.swift; path = AppDelegate.swift; sourceTree = "<group>"; };
		9CB5EF921F3AE7F700819E9F /* ViewController.swift */ = {isa = PBXFileReference; lastKnownFileType = sourcecode.swift; path = ViewController.swift; sourceTree = "<group>"; };
		9CB5EF951F3AE7F700819E9F /* Base */ = {isa = PBXFileReference; lastKnownFileType = file.storyboard; name = Base; path = Base.lproj/Main.storyboard; sourceTree = "<group>"; };
		9CB5EF971F3AE7F700819E9F /* Assets.xcassets */ = {isa = PBXFileReference; lastKnownFileType = folder.assetcatalog; path = Assets.xcassets; sourceTree = "<group>"; };
		9CB5EF9A1F3AE7F700819E9F /* Base */ = {isa = PBXFileReference; lastKnownFileType = file.storyboard; name = Base; path = Base.lproj/LaunchScreen.storyboard; sourceTree = "<group>"; };
		9CB5EF9C1F3AE7F700819E9F /* Info.plist */ = {isa = PBXFileReference; lastKnownFileType = text.plist.xml; path = Info.plist; sourceTree = "<group>"; };
		9CFBC17B1F3B0698000015F3 /* NetworkRequest.swift */ = {isa = PBXFileReference; lastKnownFileType = sourcecode.swift; name = NetworkRequest.swift; path = NetworkRequest/NetworkRequest.swift; sourceTree = "<group>"; };
		9F3A81B4719DA20FAD6561F9 /* Pods-ManageYourStars.release.xcconfig */ = {isa = PBXFileReference; includeInIndex = 1; lastKnownFileType = text.xcconfig; name = "Pods-ManageYourStars.release.xcconfig"; path = "Pods/Target Support Files/Pods-ManageYourStars/Pods-ManageYourStars.release.xcconfig"; sourceTree = "<group>"; };
/* End PBXFileReference section */

/* Begin PBXFrameworksBuildPhase section */
		9CB5EF8A1F3AE7F600819E9F /* Frameworks */ = {
			isa = PBXFrameworksBuildPhase;
			buildActionMask = 2147483647;
			files = (
				F97EE8095EE4706B0207D72A /* Pods_ManageYourStars.framework in Frameworks */,
			);
			runOnlyForDeploymentPostprocessing = 0;
		};
/* End PBXFrameworksBuildPhase section */

/* Begin PBXGroup section */
		095B042CF82714DD25044573 /* Pods */ = {
			isa = PBXGroup;
			children = (
				5F352CFAED2E43B27E16F95C /* Pods-ManageYourStars.debug.xcconfig */,
				9F3A81B4719DA20FAD6561F9 /* Pods-ManageYourStars.release.xcconfig */,
			);
			name = Pods;
			sourceTree = "<group>";
		};
		898505B4AD026C41A091ED6F /* Frameworks */ = {
			isa = PBXGroup;
			children = (
				26CDF28B936BF7F936D6EBB0 /* Pods_ManageYourStars.framework */,
			);
			name = Frameworks;
			sourceTree = "<group>";
		};
		9CB5EF841F3AE7F600819E9F = {
			isa = PBXGroup;
			children = (
				9CB5EF8F1F3AE7F600819E9F /* ManageYourStars */,
				9CB5EF8E1F3AE7F600819E9F /* Products */,
				095B042CF82714DD25044573 /* Pods */,
				898505B4AD026C41A091ED6F /* Frameworks */,
			);
			sourceTree = "<group>";
		};
		9CB5EF8E1F3AE7F600819E9F /* Products */ = {
			isa = PBXGroup;
			children = (
				9CB5EF8D1F3AE7F600819E9F /* ManageYourStars.app */,
			);
			name = Products;
			sourceTree = "<group>";
		};
		9CB5EF8F1F3AE7F600819E9F /* ManageYourStars */ = {
			isa = PBXGroup;
			children = (
				9CB5EF901F3AE7F700819E9F /* AppDelegate.swift */,
				9CB5EF921F3AE7F700819E9F /* ViewController.swift */,
				9CFBC17B1F3B0698000015F3 /* NetworkRequest.swift */,
				9CB5EF941F3AE7F700819E9F /* Main.storyboard */,
				9C3D39181F48059900920923 /* CXMoreViewController.swift */,
				9C3D391C1F48085F00920923 /* CXYourStarsViewController.swift */,
				9C0C1C031F492EFD00466385 /* CXDiscoveryTableViewController.swift */,
				9C3D391A1F48069A00920923 /* CXLoginViewController.swift */,
				9C0C1BFF1F49207500466385 /* CXProfileLoginTableViewCell.swift */,
				9C0C1C011F492C3900466385 /* CXMoreOtherTableViewCell.swift */,
				9CB5EF971F3AE7F700819E9F /* Assets.xcassets */,
				9CB5EF991F3AE7F700819E9F /* LaunchScreen.storyboard */,
				9CB5EF9C1F3AE7F700819E9F /* Info.plist */,
			);
			path = ManageYourStars;
			sourceTree = "<group>";
		};
/* End PBXGroup section */

/* Begin PBXNativeTarget section */
		9CB5EF8C1F3AE7F600819E9F /* ManageYourStars */ = {
			isa = PBXNativeTarget;
			buildConfigurationList = 9CB5EF9F1F3AE7F700819E9F /* Build configuration list for PBXNativeTarget "ManageYourStars" */;
			buildPhases = (
				74400144C64912ABA8B08502 /* [CP] Check Pods Manifest.lock */,
				9CB5EF891F3AE7F600819E9F /* Sources */,
				9CB5EF8A1F3AE7F600819E9F /* Frameworks */,
				9CB5EF8B1F3AE7F600819E9F /* Resources */,
				69F6B1D43256109A3D6DFADA /* [CP] Embed Pods Frameworks */,
				49C8ED8BC36147989B6DE3D5 /* [CP] Copy Pods Resources */,
			);
			buildRules = (
			);
			dependencies = (
			);
			name = ManageYourStars;
			productName = ManageYourStars;
			productReference = 9CB5EF8D1F3AE7F600819E9F /* ManageYourStars.app */;
			productType = "com.apple.product-type.application";
		};
/* End PBXNativeTarget section */

/* Begin PBXProject section */
		9CB5EF851F3AE7F600819E9F /* Project object */ = {
			isa = PBXProject;
			attributes = {
				CLASSPREFIX = CX;
				LastSwiftUpdateCheck = 0830;
				LastUpgradeCheck = 0900;
				ORGANIZATIONNAME = csp;
				TargetAttributes = {
					9CB5EF8C1F3AE7F600819E9F = {
						CreatedOnToolsVersion = 8.3.3;
						DevelopmentTeam = Y49TT6VJ7T;
						ProvisioningStyle = Automatic;
					};
				};
			};
			buildConfigurationList = 9CB5EF881F3AE7F600819E9F /* Build configuration list for PBXProject "ManageYourStars" */;
			compatibilityVersion = "Xcode 8.0";
			developmentRegion = English;
			hasScannedForEncodings = 0;
			knownRegions = (
				en,
				Base,
			);
			mainGroup = 9CB5EF841F3AE7F600819E9F;
			productRefGroup = 9CB5EF8E1F3AE7F600819E9F /* Products */;
			projectDirPath = "";
			projectRoot = "";
			targets = (
				9CB5EF8C1F3AE7F600819E9F /* ManageYourStars */,
			);
		};
/* End PBXProject section */

/* Begin PBXResourcesBuildPhase section */
		9CB5EF8B1F3AE7F600819E9F /* Resources */ = {
			isa = PBXResourcesBuildPhase;
			buildActionMask = 2147483647;
			files = (
				9CB5EF9B1F3AE7F700819E9F /* LaunchScreen.storyboard in Resources */,
				9CB5EF981F3AE7F700819E9F /* Assets.xcassets in Resources */,
				9CB5EF961F3AE7F700819E9F /* Main.storyboard in Resources */,
			);
			runOnlyForDeploymentPostprocessing = 0;
		};
/* End PBXResourcesBuildPhase section */

/* Begin PBXShellScriptBuildPhase section */
		49C8ED8BC36147989B6DE3D5 /* [CP] Copy Pods Resources */ = {
			isa = PBXShellScriptBuildPhase;
			buildActionMask = 2147483647;
			files = (
			);
			inputPaths = (
			);
			name = "[CP] Copy Pods Resources";
			outputPaths = (
			);
			runOnlyForDeploymentPostprocessing = 0;
			shellPath = /bin/sh;
			shellScript = "\"${SRCROOT}/Pods/Target Support Files/Pods-ManageYourStars/Pods-ManageYourStars-resources.sh\"\n";
			showEnvVarsInLog = 0;
		};
		69F6B1D43256109A3D6DFADA /* [CP] Embed Pods Frameworks */ = {
			isa = PBXShellScriptBuildPhase;
			buildActionMask = 2147483647;
			files = (
			);
			inputPaths = (
				"${SRCROOT}/Pods/Target Support Files/Pods-ManageYourStars/Pods-ManageYourStars-frameworks.sh",
				"${BUILT_PRODUCTS_DIR}/Alamofire/Alamofire.framework",
				"${BUILT_PRODUCTS_DIR}/EZSwiftExtensions/EZSwiftExtensions.framework",
				"${BUILT_PRODUCTS_DIR}/HandyJSON/HandyJSON.framework",
				"${BUILT_PRODUCTS_DIR}/Hero/Hero.framework",
				"${BUILT_PRODUCTS_DIR}/ImageViewer/ImageViewer.framework",
				"${BUILT_PRODUCTS_DIR}/Kingfisher/Kingfisher.framework",
				"${BUILT_PRODUCTS_DIR}/Onboard/Onboard.framework",
				"${BUILT_PRODUCTS_DIR}/PermissionScope/PermissionScope.framework",
				"${BUILT_PRODUCTS_DIR}/RandomKit/RandomKit.framework",
				"${BUILT_PRODUCTS_DIR}/Realm/Realm.framework",
				"${BUILT_PRODUCTS_DIR}/Reusable/Reusable.framework",
				"${BUILT_PRODUCTS_DIR}/SVProgressHUD/SVProgressHUD.framework",
				"${BUILT_PRODUCTS_DIR}/ShiftOperations/ShiftOperations.framework",
				"${BUILT_PRODUCTS_DIR}/SnapKit/SnapKit.framework",
				"${BUILT_PRODUCTS_DIR}/SwiftDate/SwiftDate.framework",
				"${BUILT_PRODUCTS_DIR}/SwiftyJSON/SwiftyJSON.framework",
				"${BUILT_PRODUCTS_DIR}/SwiftyUserDefaults/SwiftyUserDefaults.framework",
				"${BUILT_PRODUCTS_DIR}/Threadly/Threadly.framework",
			);
			name = "[CP] Embed Pods Frameworks";
			outputPaths = (
				"${TARGET_BUILD_DIR}/${FRAMEWORKS_FOLDER_PATH}/Alamofire.framework",
				"${TARGET_BUILD_DIR}/${FRAMEWORKS_FOLDER_PATH}/EZSwiftExtensions.framework",
				"${TARGET_BUILD_DIR}/${FRAMEWORKS_FOLDER_PATH}/HandyJSON.framework",
				"${TARGET_BUILD_DIR}/${FRAMEWORKS_FOLDER_PATH}/Hero.framework",
				"${TARGET_BUILD_DIR}/${FRAMEWORKS_FOLDER_PATH}/ImageViewer.framework",
				"${TARGET_BUILD_DIR}/${FRAMEWORKS_FOLDER_PATH}/Kingfisher.framework",
				"${TARGET_BUILD_DIR}/${FRAMEWORKS_FOLDER_PATH}/Onboard.framework",
				"${TARGET_BUILD_DIR}/${FRAMEWORKS_FOLDER_PATH}/PermissionScope.framework",
				"${TARGET_BUILD_DIR}/${FRAMEWORKS_FOLDER_PATH}/RandomKit.framework",
				"${TARGET_BUILD_DIR}/${FRAMEWORKS_FOLDER_PATH}/Realm.framework",
				"${TARGET_BUILD_DIR}/${FRAMEWORKS_FOLDER_PATH}/Reusable.framework",
				"${TARGET_BUILD_DIR}/${FRAMEWORKS_FOLDER_PATH}/SVProgressHUD.framework",
				"${TARGET_BUILD_DIR}/${FRAMEWORKS_FOLDER_PATH}/ShiftOperations.framework",
				"${TARGET_BUILD_DIR}/${FRAMEWORKS_FOLDER_PATH}/SnapKit.framework",
				"${TARGET_BUILD_DIR}/${FRAMEWORKS_FOLDER_PATH}/SwiftDate.framework",
				"${TARGET_BUILD_DIR}/${FRAMEWORKS_FOLDER_PATH}/SwiftyJSON.framework",
				"${TARGET_BUILD_DIR}/${FRAMEWORKS_FOLDER_PATH}/SwiftyUserDefaults.framework",
				"${TARGET_BUILD_DIR}/${FRAMEWORKS_FOLDER_PATH}/Threadly.framework",
			);
			runOnlyForDeploymentPostprocessing = 0;
			shellPath = /bin/sh;
			shellScript = "\"${SRCROOT}/Pods/Target Support Files/Pods-ManageYourStars/Pods-ManageYourStars-frameworks.sh\"\n";
			showEnvVarsInLog = 0;
		};
		74400144C64912ABA8B08502 /* [CP] Check Pods Manifest.lock */ = {
			isa = PBXShellScriptBuildPhase;
			buildActionMask = 2147483647;
			files = (
			);
			inputPaths = (
				"${PODS_PODFILE_DIR_PATH}/Podfile.lock",
				"${PODS_ROOT}/Manifest.lock",
			);
			name = "[CP] Check Pods Manifest.lock";
			outputPaths = (
				"$(DERIVED_FILE_DIR)/Pods-ManageYourStars-checkManifestLockResult.txt",
			);
			runOnlyForDeploymentPostprocessing = 0;
			shellPath = /bin/sh;
			shellScript = "diff \"${PODS_PODFILE_DIR_PATH}/Podfile.lock\" \"${PODS_ROOT}/Manifest.lock\" > /dev/null\nif [ $? != 0 ] ; then\n    # print error to STDERR\n    echo \"error: The sandbox is not in sync with the Podfile.lock. Run 'pod install' or update your CocoaPods installation.\" >&2\n    exit 1\nfi\n# This output is used by Xcode 'outputs' to avoid re-running this script phase.\necho \"SUCCESS\" > \"${SCRIPT_OUTPUT_FILE_0}\"\n";
			showEnvVarsInLog = 0;
		};
/* End PBXShellScriptBuildPhase section */

/* Begin PBXSourcesBuildPhase section */
		9CB5EF891F3AE7F600819E9F /* Sources */ = {
			isa = PBXSourcesBuildPhase;
			buildActionMask = 2147483647;
			files = (
				9C3D391D1F48085F00920923 /* CXYourStarsViewController.swift in Sources */,
				9CB5EF931F3AE7F700819E9F /* ViewController.swift in Sources */,
				9C0C1C041F492EFD00466385 /* CXDiscoveryTableViewController.swift in Sources */,
				9C3D391B1F48069A00920923 /* CXLoginViewController.swift in Sources */,
				9C0C1C001F49207500466385 /* CXProfileLoginTableViewCell.swift in Sources */,
				9C0C1C021F492C3900466385 /* CXMoreOtherTableViewCell.swift in Sources */,
				9CFBC17C1F3B0699000015F3 /* NetworkRequest.swift in Sources */,
				9C3D39191F48059900920923 /* CXMoreViewController.swift in Sources */,
				9CB5EF911F3AE7F700819E9F /* AppDelegate.swift in Sources */,
			);
			runOnlyForDeploymentPostprocessing = 0;
		};
/* End PBXSourcesBuildPhase section */

/* Begin PBXVariantGroup section */
		9CB5EF941F3AE7F700819E9F /* Main.storyboard */ = {
			isa = PBXVariantGroup;
			children = (
				9CB5EF951F3AE7F700819E9F /* Base */,
			);
			name = Main.storyboard;
			sourceTree = "<group>";
		};
		9CB5EF991F3AE7F700819E9F /* LaunchScreen.storyboard */ = {
			isa = PBXVariantGroup;
			children = (
				9CB5EF9A1F3AE7F700819E9F /* Base */,
			);
			name = LaunchScreen.storyboard;
			sourceTree = "<group>";
		};
/* End PBXVariantGroup section */

/* Begin XCBuildConfiguration section */
		9CB5EF9D1F3AE7F700819E9F /* Debug */ = {
			isa = XCBuildConfiguration;
			buildSettings = {
				ALWAYS_SEARCH_USER_PATHS = NO;
				CLANG_ANALYZER_NONNULL = YES;
				CLANG_ANALYZER_NUMBER_OBJECT_CONVERSION = YES_AGGRESSIVE;
				CLANG_CXX_LANGUAGE_STANDARD = "gnu++0x";
				CLANG_CXX_LIBRARY = "libc++";
				CLANG_ENABLE_MODULES = YES;
				CLANG_ENABLE_OBJC_ARC = YES;
				CLANG_WARN_BLOCK_CAPTURE_AUTORELEASING = YES;
				CLANG_WARN_BOOL_CONVERSION = YES;
				CLANG_WARN_COMMA = YES;
				CLANG_WARN_CONSTANT_CONVERSION = YES;
				CLANG_WARN_DIRECT_OBJC_ISA_USAGE = YES_ERROR;
				CLANG_WARN_DOCUMENTATION_COMMENTS = YES;
				CLANG_WARN_EMPTY_BODY = YES;
				CLANG_WARN_ENUM_CONVERSION = YES;
				CLANG_WARN_INFINITE_RECURSION = YES;
				CLANG_WARN_INT_CONVERSION = YES;
				CLANG_WARN_NON_LITERAL_NULL_CONVERSION = YES;
				CLANG_WARN_OBJC_LITERAL_CONVERSION = YES;
				CLANG_WARN_OBJC_ROOT_CLASS = YES_ERROR;
				CLANG_WARN_RANGE_LOOP_ANALYSIS = YES;
				CLANG_WARN_STRICT_PROTOTYPES = YES;
				CLANG_WARN_SUSPICIOUS_MOVE = YES;
				CLANG_WARN_UNREACHABLE_CODE = YES;
				CLANG_WARN__DUPLICATE_METHOD_MATCH = YES;
				"CODE_SIGN_IDENTITY[sdk=iphoneos*]" = "iPhone Developer";
				COPY_PHASE_STRIP = NO;
				DEBUG_INFORMATION_FORMAT = dwarf;
				ENABLE_STRICT_OBJC_MSGSEND = YES;
				ENABLE_TESTABILITY = YES;
				GCC_C_LANGUAGE_STANDARD = gnu99;
				GCC_DYNAMIC_NO_PIC = NO;
				GCC_NO_COMMON_BLOCKS = YES;
				GCC_OPTIMIZATION_LEVEL = 0;
				GCC_PREPROCESSOR_DEFINITIONS = (
					"DEBUG=1",
					"$(inherited)",
				);
				GCC_WARN_64_TO_32_BIT_CONVERSION = YES;
				GCC_WARN_ABOUT_RETURN_TYPE = YES_ERROR;
				GCC_WARN_UNDECLARED_SELECTOR = YES;
				GCC_WARN_UNINITIALIZED_AUTOS = YES_AGGRESSIVE;
				GCC_WARN_UNUSED_FUNCTION = YES;
				GCC_WARN_UNUSED_VARIABLE = YES;
				IPHONEOS_DEPLOYMENT_TARGET = 10.3;
				MTL_ENABLE_DEBUG_INFO = YES;
				ONLY_ACTIVE_ARCH = YES;
				SDKROOT = iphoneos;
				SWIFT_ACTIVE_COMPILATION_CONDITIONS = DEBUG;
				SWIFT_OPTIMIZATION_LEVEL = "-Onone";
			};
			name = Debug;
		};
		9CB5EF9E1F3AE7F700819E9F /* Release */ = {
			isa = XCBuildConfiguration;
			buildSettings = {
				ALWAYS_SEARCH_USER_PATHS = NO;
				CLANG_ANALYZER_NONNULL = YES;
				CLANG_ANALYZER_NUMBER_OBJECT_CONVERSION = YES_AGGRESSIVE;
				CLANG_CXX_LANGUAGE_STANDARD = "gnu++0x";
				CLANG_CXX_LIBRARY = "libc++";
				CLANG_ENABLE_MODULES = YES;
				CLANG_ENABLE_OBJC_ARC = YES;
				CLANG_WARN_BLOCK_CAPTURE_AUTORELEASING = YES;
				CLANG_WARN_BOOL_CONVERSION = YES;
				CLANG_WARN_COMMA = YES;
				CLANG_WARN_CONSTANT_CONVERSION = YES;
				CLANG_WARN_DIRECT_OBJC_ISA_USAGE = YES_ERROR;
				CLANG_WARN_DOCUMENTATION_COMMENTS = YES;
				CLANG_WARN_EMPTY_BODY = YES;
				CLANG_WARN_ENUM_CONVERSION = YES;
				CLANG_WARN_INFINITE_RECURSION = YES;
				CLANG_WARN_INT_CONVERSION = YES;
				CLANG_WARN_NON_LITERAL_NULL_CONVERSION = YES;
				CLANG_WARN_OBJC_LITERAL_CONVERSION = YES;
				CLANG_WARN_OBJC_ROOT_CLASS = YES_ERROR;
				CLANG_WARN_RANGE_LOOP_ANALYSIS = YES;
				CLANG_WARN_STRICT_PROTOTYPES = YES;
				CLANG_WARN_SUSPICIOUS_MOVE = YES;
				CLANG_WARN_UNREACHABLE_CODE = YES;
				CLANG_WARN__DUPLICATE_METHOD_MATCH = YES;
				"CODE_SIGN_IDENTITY[sdk=iphoneos*]" = "iPhone Developer";
				COPY_PHASE_STRIP = NO;
				DEBUG_INFORMATION_FORMAT = "dwarf-with-dsym";
				ENABLE_NS_ASSERTIONS = NO;
				ENABLE_STRICT_OBJC_MSGSEND = YES;
				GCC_C_LANGUAGE_STANDARD = gnu99;
				GCC_NO_COMMON_BLOCKS = YES;
				GCC_WARN_64_TO_32_BIT_CONVERSION = YES;
				GCC_WARN_ABOUT_RETURN_TYPE = YES_ERROR;
				GCC_WARN_UNDECLARED_SELECTOR = YES;
				GCC_WARN_UNINITIALIZED_AUTOS = YES_AGGRESSIVE;
				GCC_WARN_UNUSED_FUNCTION = YES;
				GCC_WARN_UNUSED_VARIABLE = YES;
				IPHONEOS_DEPLOYMENT_TARGET = 10.3;
				MTL_ENABLE_DEBUG_INFO = NO;
				SDKROOT = iphoneos;
				SWIFT_OPTIMIZATION_LEVEL = "-Owholemodule";
				VALIDATE_PRODUCT = YES;
			};
			name = Release;
		};
		9CB5EFA01F3AE7F700819E9F /* Debug */ = {
			isa = XCBuildConfiguration;
			baseConfigurationReference = 5F352CFAED2E43B27E16F95C /* Pods-ManageYourStars.debug.xcconfig */;
			buildSettings = {
				ASSETCATALOG_COMPILER_APPICON_NAME = AppIcon;
				DEVELOPMENT_TEAM = Y49TT6VJ7T;
				INFOPLIST_FILE = ManageYourStars/Info.plist;
				IPHONEOS_DEPLOYMENT_TARGET = 8.0;
				LD_RUNPATH_SEARCH_PATHS = "$(inherited) @executable_path/Frameworks";
				PRODUCT_BUNDLE_IDENTIFIER = com.csp.ManageYourStars;
				PRODUCT_NAME = "$(TARGET_NAME)";
				SWIFT_VERSION = 3.0;
			};
			name = Debug;
		};
		9CB5EFA11F3AE7F700819E9F /* Release */ = {
			isa = XCBuildConfiguration;
			baseConfigurationReference = 9F3A81B4719DA20FAD6561F9 /* Pods-ManageYourStars.release.xcconfig */;
			buildSettings = {
				ASSETCATALOG_COMPILER_APPICON_NAME = AppIcon;
				DEVELOPMENT_TEAM = Y49TT6VJ7T;
				INFOPLIST_FILE = ManageYourStars/Info.plist;
				IPHONEOS_DEPLOYMENT_TARGET = 8.0;
				LD_RUNPATH_SEARCH_PATHS = "$(inherited) @executable_path/Frameworks";
				PRODUCT_BUNDLE_IDENTIFIER = com.csp.ManageYourStars;
				PRODUCT_NAME = "$(TARGET_NAME)";
				SWIFT_VERSION = 3.0;
			};
			name = Release;
		};
/* End XCBuildConfiguration section */

/* Begin XCConfigurationList section */
		9CB5EF881F3AE7F600819E9F /* Build configuration list for PBXProject "ManageYourStars" */ = {
			isa = XCConfigurationList;
			buildConfigurations = (
				9CB5EF9D1F3AE7F700819E9F /* Debug */,
				9CB5EF9E1F3AE7F700819E9F /* Release */,
			);
			defaultConfigurationIsVisible = 0;
			defaultConfigurationName = Release;
		};
		9CB5EF9F1F3AE7F700819E9F /* Build configuration list for PBXNativeTarget "ManageYourStars" */ = {
			isa = XCConfigurationList;
			buildConfigurations = (
				9CB5EFA01F3AE7F700819E9F /* Debug */,
				9CB5EFA11F3AE7F700819E9F /* Release */,
			);
			defaultConfigurationIsVisible = 0;
			defaultConfigurationName = Release;
		};
/* End XCConfigurationList section */
	};
	rootObject = 9CB5EF851F3AE7F600819E9F /* Project object */;
}
